<?xml version="1.0" encoding="utf-8"?>
<Project ToolsVersion="4.0" xmlns="http://schemas.microsoft.com/developer/msbuild/2003">
  <ItemGroup>
    <Filter Include="Source Files">
      <UniqueIdentifier>{4FC737F1-C7A5-4376-A066-2A32D752A2FF}</UniqueIdentifier>
      <Extensions>cpp;c;cc;cxx;c++;cppm;ixx;def;odl;idl;hpj;bat;asm;asmx</Extensions>
    </Filter>
    <Filter Include="Header Files">
      <UniqueIdentifier>{93995380-89BD-4b04-88EB-625FBE52EBFB}</UniqueIdentifier>
      <Extensions>h;hh;hpp;hxx;h++;hm;inl;inc;ipp;xsd</Extensions>
    </Filter>
    <Filter Include="Resource Files">
      <UniqueIdentifier>{67DA6AB6-F800-4c08-8B7A-83BB121AAD01}</UniqueIdentifier>
      <Extensions>rc;ico;cur;bmp;dlg;rc2;rct;bin;rgs;gif;jpg;jpeg;jpe;resx;tiff;tif;png;wav;mfcribbon-ms</Extensions>
    </Filter>
    <Filter Include="Shaders">
      <UniqueIdentifier>{c9b04566-f03c-4c5f-81e9-daccb1c0fabb}</UniqueIdentifier>
    </Filter>
    <Filter Include="Shaders\Tessellation">
      <UniqueIdentifier>{3a322790-659e-4d61-8643-683af5d90d57}</UniqueIdentifier>
    </Filter>
  </ItemGroup>
  <ItemGroup>
    <ClCompile Include="main.cpp">
      <Filter>Source Files</Filter>
    </ClCompile>
  </ItemGroup>
  <ItemGroup>
    <Image Include="small.ico">
      <Filter>Resource Files</Filter>
    </Image>
  </ItemGroup>
  <ItemGroup>
    <None Include="Shaders\WireframePS.hlsl">
      <Filter>Shaders\Tessellation</Filter>
    </None>
    <None Include="Shaders\WireframeGS.hlsl">
      <Filter>Shaders\Tessellation</Filter>
    </None>
    <None Include="Shaders\TessellationUpdate.hlsl">
      <Filter>Shaders\Tessellation</Filter>
    </None>
    <None Include="Shaders\TessellationCopyDraw.hlsl">
      <Filter>Shaders\Tessellation</Filter>
    </None>
    <None Include="Shaders\Common.hlsl">
      <Filter>Shaders\Tessellation</Filter>
    </None>
    <None Include="Shaders\ComputeShaderData.hlsl">
      <Filter>Shaders\Tessellation</Filter>
    </None>
    <None Include="Shaders\ConstantBuffers.hlsl">
      <Filter>Shaders\Tessellation</Filter>
    </None>
    <None Include="Shaders\DefaultPS.hlsl">
      <Filter>Shaders\Tessellation</Filter>
    </None>
    <None Include="Shaders\DefaultShaderData.hlsl">
      <Filter>Shaders\Tessellation</Filter>
    </None>
    <None Include="Shaders\DefaultVS.hlsl">
      <Filter>Shaders\Tessellation</Filter>
    </None>
    <None Include="Shaders\LoD.hlsl">
      <Filter>Shaders\Tessellation</Filter>
    </None>
    <None Include="Shaders\Noise.hlsl">
      <Filter>Shaders\Tessellation</Filter>
    </None>
    <None Include="Shaders\Structs.hlsl">
      <Filter>Shaders\Tessellation</Filter>
    </None>
    <None Include="Shaders\gpu_noise_lib.hlsl">
      <Filter>Shaders</Filter>
    </None>
    <None Include="Shaders\DeferredLightPass.hlsl">
      <Filter>Shaders</Filter>
    </None>
    <None Include="Shaders\LightingUtil.hlsl">
      <Filter>Shaders</Filter>
    </None>
    <None Include="Shaders\ToneMapping.hlsl">
      <Filter>Shaders</Filter>
    </None>
    <None Include="Shaders\MotionBlur.hlsl">
      <Filter>Shaders</Filter>
    </None>
    <None Include="Shaders\Bloom.hlsl">
      <Filter>Shaders</Filter>
    </None>
    <None Include="Shaders\TessellationVSPrepass.hlsl">
      <Filter>Shaders\Tessellation</Filter>
    </None>
  </ItemGroup>
</Project>